
Microsoft Visual Studio Solution File, Format Version 12.00
# Visual Studio 15
Project("{FAE04EC0-301F-11D3-BF4B-00C04F79EFBC}") = "Assembly-CSharp", "Assembly-CSharp.csproj", "{D430C142-C76F-378E-CE81-B5EA95B24560}"
EndProject
Project("{FAE04EC0-301F-11D3-BF4B-00C04F79EFBC}") = "TestsEdit", "TestsEdit.csproj", "{11B33A9A-FF6A-9995-5BAA-D6613DC84829}"
EndProject
Global
	GlobalSection(SolutionConfigurationPlatforms) = preSolution
		Debug|Any CPU = Debug|Any CPU
		Release|Any CPU = Release|Any CPU
	EndGlobalSection
	GlobalSection(ProjectConfigurationPlatforms) = postSolution
		{D430C142-C76F-378E-CE81-B5EA95B24560}.Debug|Any CPU.ActiveCfg = Debug|Any CPU
		{D430C142-C76F-378E-CE81-B5EA95B24560}.Debug|Any CPU.Build.0 = Debug|Any CPU
		{D430C142-C76F-378E-CE81-B5EA95B24560}.Release|Any CPU.ActiveCfg = Release|Any CPU
		{D430C142-C76F-378E-CE81-B5EA95B24560}.Release|Any CPU.Build.0 = Release|Any CPU
		{11B33A9A-FF6A-9995-5BAA-D6613DC84829}.Debug|Any CPU.ActiveCfg = Debug|Any CPU
		{11B33A9A-FF6A-9995-5BAA-D6613DC84829}.Debug|Any CPU.Build.0 = Debug|Any CPU
		{11B33A9A-FF6A-9995-5BAA-D6613DC84829}.Release|Any CPU.ActiveCfg = Release|Any CPU
		{11B33A9A-FF6A-9995-5BAA-D6613DC84829}.Release|Any CPU.Build.0 = Release|Any CPU
	EndGlobalSection
	GlobalSection(SolutionProperties) = preSolution
		HideSolutionNode = FALSE
	EndGlobalSection
EndGlobal
